
Microsoft Visual Studio Solution File, Format Version 12.00
# Visual Studio Version 17
VisualStudioVersion = 17.0.32014.148
MinimumVisualStudioVersion = 10.0.40219.1
Project("{FAE04EC0-301F-11D3-BF4B-00C04F79EFBC}") = "RtfWeb", "ArtShop\RtfWeb.csproj", "{25D0DCEF-1588-41B5-83E1-034CFCC4E407}"
EndProject
Project("{FAE04EC0-301F-11D3-BF4B-00C04F79EFBC}") = "DataLayer", "DataLayer\DataLayer.csproj", "{451D63D0-6F43-44D1-B6B0-F1966F39F260}"
EndProject
Project("{FAE04EC0-301F-11D3-BF4B-00C04F79EFBC}") = "Utilities", "Utilities\Utilities.csproj", "{5CFABE26-1D2A-4519-A6A1-674ED85D0469}"
EndProject
Project("{FAE04EC0-301F-11D3-BF4B-00C04F79EFBC}") = "AdminPanel", "AdminPanel\AdminPanel.csproj", "{D2AF2D2A-3BE6-426B-A260-F646DEF7F8AD}"
EndProject
Project("{FAE04EC0-301F-11D3-BF4B-00C04F79EFBC}") = "Resources", "Resources\Resources.csproj", "{889B94A8-B8D2-4B8C-9634-E2EE3A5EA2F7}"
EndProject
Project("{FAE04EC0-301F-11D3-BF4B-00C04F79EFBC}") = "ImageServer", "ImageServer\ImageServer.csproj", "{07AF6E18-E174-4948-8416-BD494DF27798}"
EndProject
Project("{FAE04EC0-301F-11D3-BF4B-00C04F79EFBC}") = "Blog", "Blog\Blog.csproj", "{5F8DF3B4-47C1-47BF-B5F2-9B1B678852BE}"
EndProject
Global
	GlobalSection(SolutionConfigurationPlatforms) = preSolution
		Debug|Any CPU = Debug|Any CPU
		Release|Any CPU = Release|Any CPU
	EndGlobalSection
	GlobalSection(ProjectConfigurationPlatforms) = postSolution
		{25D0DCEF-1588-41B5-83E1-034CFCC4E407}.Debug|Any CPU.ActiveCfg = Debug|Any CPU
		{25D0DCEF-1588-41B5-83E1-034CFCC4E407}.Debug|Any CPU.Build.0 = Debug|Any CPU
		{25D0DCEF-1588-41B5-83E1-034CFCC4E407}.Release|Any CPU.ActiveCfg = Release|Any CPU
		{25D0DCEF-1588-41B5-83E1-034CFCC4E407}.Release|Any CPU.Build.0 = Release|Any CPU
		{451D63D0-6F43-44D1-B6B0-F1966F39F260}.Debug|Any CPU.ActiveCfg = Debug|Any CPU
		{451D63D0-6F43-44D1-B6B0-F1966F39F260}.Debug|Any CPU.Build.0 = Debug|Any CPU
		{451D63D0-6F43-44D1-B6B0-F1966F39F260}.Release|Any CPU.ActiveCfg = Release|Any CPU
		{451D63D0-6F43-44D1-B6B0-F1966F39F260}.Release|Any CPU.Build.0 = Release|Any CPU
		{5CFABE26-1D2A-4519-A6A1-674ED85D0469}.Debug|Any CPU.ActiveCfg = Debug|Any CPU
		{5CFABE26-1D2A-4519-A6A1-674ED85D0469}.Debug|Any CPU.Build.0 = Debug|Any CPU
		{5CFABE26-1D2A-4519-A6A1-674ED85D0469}.Release|Any CPU.ActiveCfg = Release|Any CPU
		{5CFABE26-1D2A-4519-A6A1-674ED85D0469}.Release|Any CPU.Build.0 = Release|Any CPU
		{D2AF2D2A-3BE6-426B-A260-F646DEF7F8AD}.Debug|Any CPU.ActiveCfg = Debug|Any CPU
		{D2AF2D2A-3BE6-426B-A260-F646DEF7F8AD}.Debug|Any CPU.Build.0 = Debug|Any CPU
		{D2AF2D2A-3BE6-426B-A260-F646DEF7F8AD}.Release|Any CPU.ActiveCfg = Release|Any CPU
		{D2AF2D2A-3BE6-426B-A260-F646DEF7F8AD}.Release|Any CPU.Build.0 = Release|Any CPU
		{889B94A8-B8D2-4B8C-9634-E2EE3A5EA2F7}.Debug|Any CPU.ActiveCfg = Debug|Any CPU
		{889B94A8-B8D2-4B8C-9634-E2EE3A5EA2F7}.Debug|Any CPU.Build.0 = Debug|Any CPU
		{889B94A8-B8D2-4B8C-9634-E2EE3A5EA2F7}.Release|Any CPU.ActiveCfg = Release|Any CPU
		{889B94A8-B8D2-4B8C-9634-E2EE3A5EA2F7}.Release|Any CPU.Build.0 = Release|Any CPU
		{07AF6E18-E174-4948-8416-BD494DF27798}.Debug|Any CPU.ActiveCfg = Debug|Any CPU
		{07AF6E18-E174-4948-8416-BD494DF27798}.Debug|Any CPU.Build.0 = Debug|Any CPU
		{07AF6E18-E174-4948-8416-BD494DF27798}.Release|Any CPU.ActiveCfg = Release|Any CPU
		{07AF6E18-E174-4948-8416-BD494DF27798}.Release|Any CPU.Build.0 = Release|Any CPU
		{5F8DF3B4-47C1-47BF-B5F2-9B1B678852BE}.Debug|Any CPU.ActiveCfg = Debug|Any CPU
		{5F8DF3B4-47C1-47BF-B5F2-9B1B678852BE}.Debug|Any CPU.Build.0 = Debug|Any CPU
		{5F8DF3B4-47C1-47BF-B5F2-9B1B678852BE}.Release|Any CPU.ActiveCfg = Release|Any CPU
		{5F8DF3B4-47C1-47BF-B5F2-9B1B678852BE}.Release|Any CPU.Build.0 = Release|Any CPU
	EndGlobalSection
	GlobalSection(SolutionProperties) = preSolution
		HideSolutionNode = FALSE
	EndGlobalSection
	GlobalSection(ExtensibilityGlobals) = postSolution
		SolutionGuid = {279AAC05-0709-4BA7-A67F-CFB088E3FA16}
	EndGlobalSection
EndGlobal
